{
  "requires": true,
  "lockfileVersion": 1,
  "dependencies": {
    "brython": {
      "version": "3.8.8",
      "resolved": "https://registry.npmjs.org/brython/-/brython-3.8.8.tgz",
      "integrity": "sha512-05g0D/U784i6nESrp5OoktGiJwsndyD1N+0L0O/z5n1HYqbTN//edBr9cU73OtRI9gWDqZMjyoltvlqPXlCxXw=="
    },
    "leaflet": {
      "version": "1.6.0",
      "resolved": "https://registry.npmjs.org/leaflet/-/leaflet-1.6.0.tgz",
      "integrity": "sha512-CPkhyqWUKZKFJ6K8umN5/D2wrJ2+/8UIpXppY7QDnUZW5bZL5+SEI2J7GBpwh4LIupOKqbNSQXgqmrEJopHVNQ=="
    }
  }
}
